
Microsoft Visual Studio Solution File, Format Version 12.00
# Visual Studio Version 17
VisualStudioVersion = 17.0.32112.339
MinimumVisualStudioVersion = 10.0.40219.1
Project("{FAE04EC0-301F-11D3-BF4B-00C04F79EFBC}") = "Laboratorio 7 - Laboratorio de repaso 3", "Laboratorio 7 - Laboratorio de repaso 3.csproj", "{7A938716-C676-439B-A73A-239F43666295}"
EndProject
Global
	GlobalSection(SolutionConfigurationPlatforms) = preSolution
		Debug|Any CPU = Debug|Any CPU
		Release|Any CPU = Release|Any CPU
	EndGlobalSection
	GlobalSection(ProjectConfigurationPlatforms) = postSolution
		{7A938716-C676-439B-A73A-239F43666295}.Debug|Any CPU.ActiveCfg = Debug|Any CPU
		{7A938716-C676-439B-A73A-239F43666295}.Debug|Any CPU.Build.0 = Debug|Any CPU
		{7A938716-C676-439B-A73A-239F43666295}.Release|Any CPU.ActiveCfg = Release|Any CPU
		{7A938716-C676-439B-A73A-239F43666295}.Release|Any CPU.Build.0 = Release|Any CPU
	EndGlobalSection
	GlobalSection(SolutionProperties) = preSolution
		HideSolutionNode = FALSE
	EndGlobalSection
	GlobalSection(ExtensibilityGlobals) = postSolution
		SolutionGuid = {311FECD5-BCB1-4EA3-8BB9-177B72E840C8}
	EndGlobalSection
EndGlobal
